
Microsoft Visual Studio Solution File, Format Version 12.00
# Visual Studio Version 17
VisualStudioVersion = 17.9.34616.47
MinimumVisualStudioVersion = 10.0.40219.1
Project("{8BC9CEB8-8B4A-11D0-8D11-00A0C91BC942}") = "AlgorithmaSearch_0042", "AlgorithmaSearch_0042\AlgorithmaSearch_0042.vcxproj", "{12480EDD-4E7E-48D5-9799-6372055E1F92}"
EndProject
Global
	GlobalSection(SolutionConfigurationPlatforms) = preSolution
		Debug|x64 = Debug|x64
		Debug|x86 = Debug|x86
		Release|x64 = Release|x64
		Release|x86 = Release|x86
	EndGlobalSection
	GlobalSection(ProjectConfigurationPlatforms) = postSolution
		{12480EDD-4E7E-48D5-9799-6372055E1F92}.Debug|x64.ActiveCfg = Debug|x64
		{12480EDD-4E7E-48D5-9799-6372055E1F92}.Debug|x64.Build.0 = Debug|x64
		{12480EDD-4E7E-48D5-9799-6372055E1F92}.Debug|x86.ActiveCfg = Debug|Win32
		{12480EDD-4E7E-48D5-9799-6372055E1F92}.Debug|x86.Build.0 = Debug|Win32
		{12480EDD-4E7E-48D5-9799-6372055E1F92}.Release|x64.ActiveCfg = Release|x64
		{12480EDD-4E7E-48D5-9799-6372055E1F92}.Release|x64.Build.0 = Release|x64
		{12480EDD-4E7E-48D5-9799-6372055E1F92}.Release|x86.ActiveCfg = Release|Win32
		{12480EDD-4E7E-48D5-9799-6372055E1F92}.Release|x86.Build.0 = Release|Win32
	EndGlobalSection
	GlobalSection(SolutionProperties) = preSolution
		HideSolutionNode = FALSE
	EndGlobalSection
	GlobalSection(ExtensibilityGlobals) = postSolution
		SolutionGuid = {ED03F08F-782D-46C2-A5E1-664517F32267}
	EndGlobalSection
EndGlobal
